
Microsoft Visual Studio Solution File, Format Version 12.00
# Visual Studio Version 17
VisualStudioVersion = 17.1.32407.343
MinimumVisualStudioVersion = 10.0.40219.1
Project("{9A19103F-16F7-4668-BE54-9A1E7A4F7556}") = "Webapi_BitirmeProjesi", "Webapi_BitirmeProjesi\Webapi_BitirmeProjesi.csproj", "{3E813FFA-DBE4-4CB1-B400-A9B879325F38}"
EndProject
Project("{FAE04EC0-301F-11D3-BF4B-00C04F79EFBC}") = "MvcUI", "MvcUI\MvcUI.csproj", "{BE83EF7B-EA99-4880-A118-C8188D0FC4F1}"
EndProject
Global
	GlobalSection(SolutionConfigurationPlatforms) = preSolution
		Debug|Any CPU = Debug|Any CPU
		Release|Any CPU = Release|Any CPU
	EndGlobalSection
	GlobalSection(ProjectConfigurationPlatforms) = postSolution
		{3E813FFA-DBE4-4CB1-B400-A9B879325F38}.Debug|Any CPU.ActiveCfg = Debug|Any CPU
		{3E813FFA-DBE4-4CB1-B400-A9B879325F38}.Debug|Any CPU.Build.0 = Debug|Any CPU
		{3E813FFA-DBE4-4CB1-B400-A9B879325F38}.Release|Any CPU.ActiveCfg = Release|Any CPU
		{3E813FFA-DBE4-4CB1-B400-A9B879325F38}.Release|Any CPU.Build.0 = Release|Any CPU
		{BE83EF7B-EA99-4880-A118-C8188D0FC4F1}.Debug|Any CPU.ActiveCfg = Debug|Any CPU
		{BE83EF7B-EA99-4880-A118-C8188D0FC4F1}.Debug|Any CPU.Build.0 = Debug|Any CPU
		{BE83EF7B-EA99-4880-A118-C8188D0FC4F1}.Release|Any CPU.ActiveCfg = Release|Any CPU
		{BE83EF7B-EA99-4880-A118-C8188D0FC4F1}.Release|Any CPU.Build.0 = Release|Any CPU
	EndGlobalSection
	GlobalSection(SolutionProperties) = preSolution
		HideSolutionNode = FALSE
	EndGlobalSection
	GlobalSection(ExtensibilityGlobals) = postSolution
		SolutionGuid = {890466CF-1012-4612-AF26-A88D1B351BB3}
	EndGlobalSection
EndGlobal
